github.com/appellative-ai/collective v0.0.0-20250716192820-806bbc60d6dc h1:3BJ6rbZQzDVTngo8feLpmkq/g4F1t1qB0irzsEVGsFc=
github.com/appellative-ai/collective v0.0.0-20250716192820-806bbc60d6dc/go.mod h1:WLgXEq90cU+gcj/k2D+qa8ZuXL0McOtduEOC82WiPW0=
github.com/appellative-ai/collective v0.0.0-20250730190106-49ccc1df8e94 h1:m3aFGK075vTXTMLw62PALX10PKJUPFq2r8UbZHHNOR8=
github.com/appellative-ai/collective v0.0.0-20250730190106-49ccc1df8e94/go.mod h1:Mj/ChIZEQFd8anIvQuDBvq2UBlZ/MsVKg/svyeEGpZE=
github.com/appellative-ai/core v0.0.0-20250716191654-e43fbfd4d1fc h1:rpknpCFb1pFxpNlxrIB2fcBgmx9TTSUzM9JhE6N7ens=
github.com/appellative-ai/core v0.0.0-20250716191654-e43fbfd4d1fc/go.mod h1:a8kfuZMJHcdtdksSK+aYw2Mp6lT+i25oQEB+UCqwyhs=
github.com/appellative-ai/core v0.0.0-20250730182135-88eedaa2879b h1:tZRxwrfIXk8Tvl/ZA1fr76qk0W6h1+IMhfbdyaDfmv8=
github.com/appellative-ai/core v0.0.0-20250730182135-88eedaa2879b/go.mod h1:a8kfuZMJHcdtdksSK+aYw2Mp6lT+i25oQEB+UCqwyhs=
github.com/appellative-ai/core v0.0.0-20250730192517-00c1d897555d h1:1g3MVG/teKDCELR2A3go+diRZOTrJsHpeOyI1nYVTUs=
github.com/appellative-ai/core v0.0.0-20250730192517-00c1d897555d/go.mod h1:a8kfuZMJHcdtdksSK+aYw2Mp6lT+i25oQEB+UCqwyhs=
